hash: c4c5a0dc0739bc0906e1278b2681e8ad4270a7e7ee3d66559516fe0d0891c61e
updated: 2019-11-01T09:59:49.0367-07:00
imports:
- name: github.com/dgrijalva/jwt-go
  version: 06ea1031745cb8b3dab3f6a236daf2b0aa468b7e
- name: github.com/julienschmidt/httprouter
  version: 348b672cd90d8190f8240323e372ecd1e66b59dc
- name: github.com/justinas/alice
  version: 03f45bd4b7dad4734bc4620e46a35789349abb20
- name: github.com/NYTimes/gziphandler
  version: dd0439581c7657cb652dfe5c71d7d48baf39541d
- name: github.com/paulbellamy/ratecounter
  version: 524851a93235ac051e3540563ed7909357fe24ab
- name: github.com/phil-inc/plog
  version: 104ca8d1669eef0c4122ff23dd00e13995cdb992
  subpackages:
  - logging
- name: github.com/zserge/metric
  version: 0941fa223948f2050fcc7d13ee7369327faf6c11
testImports: []
