hash: b4e3c9801c8627edf88e6c247b3f03be902c4c62eba2e8ffde88b7ebaa9f1573
updated: 2019-02-20T15:01:45.489734-08:00
imports:
- name: github.com/dgrijalva/jwt-go
  version: 06ea1031745cb8b3dab3f6a236daf2b0aa468b7e
- name: github.com/julienschmidt/httprouter
  version: 348b672cd90d8190f8240323e372ecd1e66b59dc
- name: github.com/justinas/alice
  version: 03f45bd4b7dad4734bc4620e46a35789349abb20
- name: github.com/phil-inc/plog
  version: 104ca8d1669eef0c4122ff23dd00e13995cdb992
  subpackages:
  - logging
- name: github.com/zserge/metric
  version: 0941fa223948f2050fcc7d13ee7369327faf6c11
testImports: []
